
Microsoft Visual Studio Solution File, Format Version 12.00
# Visual Studio Version 17
VisualStudioVersion = 17.0.31903.59
MinimumVisualStudioVersion = 10.0.40219.1
Project("{2150E333-8FDC-42A3-9474-1A3956D46DE8}") = "src", "src", "{52E3B7B5-A1CC-4181-9E38-ADC405AD9076}"
EndProject
Project("{FAE04EC0-301F-11D3-BF4B-00C04F79EFBC}") = "Josour.App", "src\Josour.App\Josour.App.csproj", "{D6FA59AA-0E6A-4E69-B39E-E2423D7D364B}"
EndProject
Project("{FAE04EC0-301F-11D3-BF4B-00C04F79EFBC}") = "Josour.Browser", "src\Josour.Browser\Josour.Browser.csproj", "{2363B80B-B433-4526-93AB-6C842DE13950}"
EndProject
Project("{FAE04EC0-301F-11D3-BF4B-00C04F79EFBC}") = "Josour.Core", "src\Josour.Core\Josour.Core.csproj", "{DEECBBD8-BA27-45DC-9A83-C67B4FD26602}"
EndProject
Project("{FAE04EC0-301F-11D3-BF4B-00C04F79EFBC}") = "Josour.Egress", "src\Josour.Egress\Josour.Egress.csproj", "{9AF5FFA6-B264-4230-8F0B-ACFC25EEBE9A}"
EndProject
Project("{FAE04EC0-301F-11D3-BF4B-00C04F79EFBC}") = "Josour.Infrastructure", "src\Josour.Infrastructure\Josour.Infrastructure.csproj", "{F0E9B96A-9F8B-4518-8360-307B4A3CE09A}"
EndProject
Project("{FAE04EC0-301F-11D3-BF4B-00C04F79EFBC}") = "Josour.Proxy", "src\Josour.Proxy\Josour.Proxy.csproj", "{DF20C3DC-339C-4CEB-83C3-B482A72D3019}"
EndProject
Project("{FAE04EC0-301F-11D3-BF4B-00C04F79EFBC}") = "Josour.Tunnel", "src\Josour.Tunnel\Josour.Tunnel.csproj", "{C8716C44-58CF-4468-BA6E-325CB8AACB29}"
EndProject
Project("{2150E333-8FDC-42A3-9474-1A3956D46DE8}") = "tests", "tests", "{8F99ABFC-705D-44ED-870E-D1CB0ACC2235}"
EndProject
Project("{FAE04EC0-301F-11D3-BF4B-00C04F79EFBC}") = "Josour.Browser.Tests", "tests\Josour.Browser.Tests\Josour.Browser.Tests.csproj", "{A4E6BB90-A2EE-4BAD-9106-0A68B46CA857}"
EndProject
Project("{FAE04EC0-301F-11D3-BF4B-00C04F79EFBC}") = "Josour.Core.Tests", "tests\Josour.Core.Tests\Josour.Core.Tests.csproj", "{C1D75C1D-9076-4C8E-8DC7-C0374BE803A0}"
EndProject
Project("{FAE04EC0-301F-11D3-BF4B-00C04F79EFBC}") = "Josour.Egress.Tests", "tests\Josour.Egress.Tests\Josour.Egress.Tests.csproj", "{EAC21007-A55A-4E68-90E1-AAF91FB4F992}"
EndProject
Project("{FAE04EC0-301F-11D3-BF4B-00C04F79EFBC}") = "Josour.Proxy.Tests", "tests\Josour.Proxy.Tests\Josour.Proxy.Tests.csproj", "{CCEEDFCF-600E-490D-9220-08526E8A4CEC}"
EndProject
Project("{FAE04EC0-301F-11D3-BF4B-00C04F79EFBC}") = "Josour.Tunnel.Tests", "tests\Josour.Tunnel.Tests\Josour.Tunnel.Tests.csproj", "{1DAB97D3-86D3-4C8C-BC2F-EBB714B9831A}"
EndProject
Project("{2150E333-8FDC-42A3-9474-1A3956D46DE8}") = "tools", "tools", "{7606B928-0CF4-4A17-9D7C-7C4EF0A6CBD5}"
EndProject
Project("{FAE04EC0-301F-11D3-BF4B-00C04F79EFBC}") = "Josour.Spike", "tools\Josour.Spike\Josour.Spike.csproj", "{CE60BBD7-3804-4EDE-858C-08F107B4FECD}"
EndProject
Project("{FAE04EC0-301F-11D3-BF4B-00C04F79EFBC}") = "Josour.Infrastructure.Tests", "tests\Josour.Infrastructure.Tests\Josour.Infrastructure.Tests.csproj", "{4CB0055F-8A63-4D95-A2A1-522DD6BCF3C6}"
EndProject
Project("{FAE04EC0-301F-11D3-BF4B-00C04F79EFBC}") = "Josour.E2E.Tests", "tests\Josour.E2E.Tests\Josour.E2E.Tests.csproj", "{A5B357CC-964A-4617-80FA-020A00D21984}"
EndProject
Global
	GlobalSection(SolutionConfigurationPlatforms) = preSolution
		Debug|Any CPU = Debug|Any CPU
		Release|Any CPU = Release|Any CPU
	EndGlobalSection
	GlobalSection(SolutionProperties) = preSolution
		HideSolutionNode = FALSE
	EndGlobalSection
	GlobalSection(ProjectConfigurationPlatforms) = postSolution
		{D6FA59AA-0E6A-4E69-B39E-E2423D7D364B}.Debug|Any CPU.ActiveCfg = Debug|Any CPU
		{D6FA59AA-0E6A-4E69-B39E-E2423D7D364B}.Debug|Any CPU.Build.0 = Debug|Any CPU
		{D6FA59AA-0E6A-4E69-B39E-E2423D7D364B}.Release|Any CPU.ActiveCfg = Release|Any CPU
		{D6FA59AA-0E6A-4E69-B39E-E2423D7D364B}.Release|Any CPU.Build.0 = Release|Any CPU
		{2363B80B-B433-4526-93AB-6C842DE13950}.Debug|Any CPU.ActiveCfg = Debug|Any CPU
		{2363B80B-B433-4526-93AB-6C842DE13950}.Debug|Any CPU.Build.0 = Debug|Any CPU
		{2363B80B-B433-4526-93AB-6C842DE13950}.Release|Any CPU.ActiveCfg = Release|Any CPU
		{2363B80B-B433-4526-93AB-6C842DE13950}.Release|Any CPU.Build.0 = Release|Any CPU
		{DEECBBD8-BA27-45DC-9A83-C67B4FD26602}.Debug|Any CPU.ActiveCfg = Debug|Any CPU
		{DEECBBD8-BA27-45DC-9A83-C67B4FD26602}.Debug|Any CPU.Build.0 = Debug|Any CPU
		{DEECBBD8-BA27-45DC-9A83-C67B4FD26602}.Release|Any CPU.ActiveCfg = Release|Any CPU
		{DEECBBD8-BA27-45DC-9A83-C67B4FD26602}.Release|Any CPU.Build.0 = Release|Any CPU
		{9AF5FFA6-B264-4230-8F0B-ACFC25EEBE9A}.Debug|Any CPU.ActiveCfg = Debug|Any CPU
		{9AF5FFA6-B264-4230-8F0B-ACFC25EEBE9A}.Debug|Any CPU.Build.0 = Debug|Any CPU
		{9AF5FFA6-B264-4230-8F0B-ACFC25EEBE9A}.Release|Any CPU.ActiveCfg = Release|Any CPU
		{9AF5FFA6-B264-4230-8F0B-ACFC25EEBE9A}.Release|Any CPU.Build.0 = Release|Any CPU
		{F0E9B96A-9F8B-4518-8360-307B4A3CE09A}.Debug|Any CPU.ActiveCfg = Debug|Any CPU
		{F0E9B96A-9F8B-4518-8360-307B4A3CE09A}.Debug|Any CPU.Build.0 = Debug|Any CPU
		{F0E9B96A-9F8B-4518-8360-307B4A3CE09A}.Release|Any CPU.ActiveCfg = Release|Any CPU
		{F0E9B96A-9F8B-4518-8360-307B4A3CE09A}.Release|Any CPU.Build.0 = Release|Any CPU
		{DF20C3DC-339C-4CEB-83C3-B482A72D3019}.Debug|Any CPU.ActiveCfg = Debug|Any CPU
		{DF20C3DC-339C-4CEB-83C3-B482A72D3019}.Debug|Any CPU.Build.0 = Debug|Any CPU
		{DF20C3DC-339C-4CEB-83C3-B482A72D3019}.Release|Any CPU.ActiveCfg = Release|Any CPU
		{DF20C3DC-339C-4CEB-83C3-B482A72D3019}.Release|Any CPU.Build.0 = Release|Any CPU
		{C8716C44-58CF-4468-BA6E-325CB8AACB29}.Debug|Any CPU.ActiveCfg = Debug|Any CPU
		{C8716C44-58CF-4468-BA6E-325CB8AACB29}.Debug|Any CPU.Build.0 = Debug|Any CPU
		{C8716C44-58CF-4468-BA6E-325CB8AACB29}.Release|Any CPU.ActiveCfg = Release|Any CPU
		{C8716C44-58CF-4468-BA6E-325CB8AACB29}.Release|Any CPU.Build.0 = Release|Any CPU
		{A4E6BB90-A2EE-4BAD-9106-0A68B46CA857}.Debug|Any CPU.ActiveCfg = Debug|Any CPU
		{A4E6BB90-A2EE-4BAD-9106-0A68B46CA857}.Debug|Any CPU.Build.0 = Debug|Any CPU
		{A4E6BB90-A2EE-4BAD-9106-0A68B46CA857}.Release|Any CPU.ActiveCfg = Release|Any CPU
		{A4E6BB90-A2EE-4BAD-9106-0A68B46CA857}.Release|Any CPU.Build.0 = Release|Any CPU
		{C1D75C1D-9076-4C8E-8DC7-C0374BE803A0}.Debug|Any CPU.ActiveCfg = Debug|Any CPU
		{C1D75C1D-9076-4C8E-8DC7-C0374BE803A0}.Debug|Any CPU.Build.0 = Debug|Any CPU
		{C1D75C1D-9076-4C8E-8DC7-C0374BE803A0}.Release|Any CPU.ActiveCfg = Release|Any CPU
		{C1D75C1D-9076-4C8E-8DC7-C0374BE803A0}.Release|Any CPU.Build.0 = Release|Any CPU
		{EAC21007-A55A-4E68-90E1-AAF91FB4F992}.Debug|Any CPU.ActiveCfg = Debug|Any CPU
		{EAC21007-A55A-4E68-90E1-AAF91FB4F992}.Debug|Any CPU.Build.0 = Debug|Any CPU
		{EAC21007-A55A-4E68-90E1-AAF91FB4F992}.Release|Any CPU.ActiveCfg = Release|Any CPU
		{EAC21007-A55A-4E68-90E1-AAF91FB4F992}.Release|Any CPU.Build.0 = Release|Any CPU
		{CCEEDFCF-600E-490D-9220-08526E8A4CEC}.Debug|Any CPU.ActiveCfg = Debug|Any CPU
		{CCEEDFCF-600E-490D-9220-08526E8A4CEC}.Debug|Any CPU.Build.0 = Debug|Any CPU
		{CCEEDFCF-600E-490D-9220-08526E8A4CEC}.Release|Any CPU.ActiveCfg = Release|Any CPU
		{CCEEDFCF-600E-490D-9220-08526E8A4CEC}.Release|Any CPU.Build.0 = Release|Any CPU
		{1DAB97D3-86D3-4C8C-BC2F-EBB714B9831A}.Debug|Any CPU.ActiveCfg = Debug|Any CPU
		{1DAB97D3-86D3-4C8C-BC2F-EBB714B9831A}.Debug|Any CPU.Build.0 = Debug|Any CPU
		{1DAB97D3-86D3-4C8C-BC2F-EBB714B9831A}.Release|Any CPU.ActiveCfg = Release|Any CPU
		{1DAB97D3-86D3-4C8C-BC2F-EBB714B9831A}.Release|Any CPU.Build.0 = Release|Any CPU
		{CE60BBD7-3804-4EDE-858C-08F107B4FECD}.Debug|Any CPU.ActiveCfg = Debug|Any CPU
		{CE60BBD7-3804-4EDE-858C-08F107B4FECD}.Debug|Any CPU.Build.0 = Debug|Any CPU
		{CE60BBD7-3804-4EDE-858C-08F107B4FECD}.Release|Any CPU.ActiveCfg = Release|Any CPU
		{CE60BBD7-3804-4EDE-858C-08F107B4FECD}.Release|Any CPU.Build.0 = Release|Any CPU
		{4CB0055F-8A63-4D95-A2A1-522DD6BCF3C6}.Debug|Any CPU.ActiveCfg = Debug|Any CPU
		{4CB0055F-8A63-4D95-A2A1-522DD6BCF3C6}.Debug|Any CPU.Build.0 = Debug|Any CPU
		{4CB0055F-8A63-4D95-A2A1-522DD6BCF3C6}.Release|Any CPU.ActiveCfg = Release|Any CPU
		{4CB0055F-8A63-4D95-A2A1-522DD6BCF3C6}.Release|Any CPU.Build.0 = Release|Any CPU
		{A5B357CC-964A-4617-80FA-020A00D21984}.Debug|Any CPU.ActiveCfg = Debug|Any CPU
		{A5B357CC-964A-4617-80FA-020A00D21984}.Debug|Any CPU.Build.0 = Debug|Any CPU
		{A5B357CC-964A-4617-80FA-020A00D21984}.Release|Any CPU.ActiveCfg = Release|Any CPU
		{A5B357CC-964A-4617-80FA-020A00D21984}.Release|Any CPU.Build.0 = Release|Any CPU
	EndGlobalSection
	GlobalSection(NestedProjects) = preSolution
		{D6FA59AA-0E6A-4E69-B39E-E2423D7D364B} = {52E3B7B5-A1CC-4181-9E38-ADC405AD9076}
		{2363B80B-B433-4526-93AB-6C842DE13950} = {52E3B7B5-A1CC-4181-9E38-ADC405AD9076}
		{DEECBBD8-BA27-45DC-9A83-C67B4FD26602} = {52E3B7B5-A1CC-4181-9E38-ADC405AD9076}
		{9AF5FFA6-B264-4230-8F0B-ACFC25EEBE9A} = {52E3B7B5-A1CC-4181-9E38-ADC405AD9076}
		{F0E9B96A-9F8B-4518-8360-307B4A3CE09A} = {52E3B7B5-A1CC-4181-9E38-ADC405AD9076}
		{DF20C3DC-339C-4CEB-83C3-B482A72D3019} = {52E3B7B5-A1CC-4181-9E38-ADC405AD9076}
		{C8716C44-58CF-4468-BA6E-325CB8AACB29} = {52E3B7B5-A1CC-4181-9E38-ADC405AD9076}
		{A4E6BB90-A2EE-4BAD-9106-0A68B46CA857} = {8F99ABFC-705D-44ED-870E-D1CB0ACC2235}
		{C1D75C1D-9076-4C8E-8DC7-C0374BE803A0} = {8F99ABFC-705D-44ED-870E-D1CB0ACC2235}
		{EAC21007-A55A-4E68-90E1-AAF91FB4F992} = {8F99ABFC-705D-44ED-870E-D1CB0ACC2235}
		{CCEEDFCF-600E-490D-9220-08526E8A4CEC} = {8F99ABFC-705D-44ED-870E-D1CB0ACC2235}
		{1DAB97D3-86D3-4C8C-BC2F-EBB714B9831A} = {8F99ABFC-705D-44ED-870E-D1CB0ACC2235}
		{CE60BBD7-3804-4EDE-858C-08F107B4FECD} = {7606B928-0CF4-4A17-9D7C-7C4EF0A6CBD5}
		{4CB0055F-8A63-4D95-A2A1-522DD6BCF3C6} = {8F99ABFC-705D-44ED-870E-D1CB0ACC2235}
		{A5B357CC-964A-4617-80FA-020A00D21984} = {8F99ABFC-705D-44ED-870E-D1CB0ACC2235}
	EndGlobalSection
EndGlobal
